
Microsoft Visual Studio Solution File, Format Version 12.00
# Visual Studio 15
VisualStudioVersion = 15.0.28307.757
MinimumVisualStudioVersion = 10.0.40219.1
Project("{FAE04EC0-301F-11D3-BF4B-00C04F79EFBC}") = "API_POKEDEX", "API_POKEDEX\API_POKEDEX.csproj", "{5F14EADE-C246-446D-937C-EF7B971BC0C0}"
EndProject
Global
	GlobalSection(SolutionConfigurationPlatforms) = preSolution
		Debug|Any CPU = Debug|Any CPU
		Release|Any CPU = Release|Any CPU
	EndGlobalSection
	GlobalSection(ProjectConfigurationPlatforms) = postSolution
		{5F14EADE-C246-446D-937C-EF7B971BC0C0}.Debug|Any CPU.ActiveCfg = Debug|Any CPU
		{5F14EADE-C246-446D-937C-EF7B971BC0C0}.Debug|Any CPU.Build.0 = Debug|Any CPU
		{5F14EADE-C246-446D-937C-EF7B971BC0C0}.Release|Any CPU.ActiveCfg = Release|Any CPU
		{5F14EADE-C246-446D-937C-EF7B971BC0C0}.Release|Any CPU.Build.0 = Release|Any CPU
	EndGlobalSection
	GlobalSection(SolutionProperties) = preSolution
		HideSolutionNode = FALSE
	EndGlobalSection
	GlobalSection(ExtensibilityGlobals) = postSolution
		SolutionGuid = {68C5B492-6E93-4017-A991-2C557BF04B21}
	EndGlobalSection
EndGlobal
